// !$*UTF8*$!
{
	archiveVersion = 1;
	classes = {
	};
	objectVersion = 50;
	objects = {

/* Begin PBXBuildFile section */
		4C86E35723C5806C000E0374 /* AppDelegate.swift in Sources */ = {isa = PBXBuildFile; fileRef = 4C86E35623C5806C000E0374 /* AppDelegate.swift */; };
		4C86E35923C5806C000E0374 /* SceneDelegate.swift in Sources */ = {isa = PBXBuildFile; fileRef = 4C86E35823C5806C000E0374 /* SceneDelegate.swift */; };
		4C86E35B23C5806C000E0374 /* ViewController.swift in Sources */ = {isa = PBXBuildFile; fileRef = 4C86E35A23C5806C000E0374 /* ViewController.swift */; };
		4C86E35E23C5806C000E0374 /* Main.storyboard in Resources */ = {isa = PBXBuildFile; fileRef = 4C86E35C23C5806C000E0374 /* Main.storyboard */; };
		4C86E36023C58071000E0374 /* Assets.xcassets in Resources */ = {isa = PBXBuildFile; fileRef = 4C86E35F23C58071000E0374 /* Assets.xcassets */; };
		4C86E36323C58071000E0374 /* LaunchScreen.storyboard in Resources */ = {isa = PBXBuildFile; fileRef = 4C86E36123C58071000E0374 /* LaunchScreen.storyboard */; };
		4C86E36E23C58072000E0374 /* VoATests.swift in Sources */ = {isa = PBXBuildFile; fileRef = 4C86E36D23C58072000E0374 /* VoATests.swift */; };
/* End PBXBuildFile section */

/* Begin PBXContainerItemProxy section */
		4C86E36A23C58072000E0374 /* PBXContainerItemProxy */ = {
			isa = PBXContainerItemProxy;
			containerPortal = 4C86E34B23C5806C000E0374 /* Project object */;
			proxyType = 1;
			remoteGlobalIDString = 4C86E35223C5806C000E0374;
			remoteInfo = VoA;
		};
/* End PBXContainerItemProxy section */

/* Begin PBXFileReference section */
		4C86E35323C5806C000E0374 /* VoA.app */ = {isa = PBXFileReference; explicitFileType = wrapper.application; includeInIndex = 0; path = VoA.app; sourceTree = BUILT_PRODUCTS_DIR; };
		4C86E35623C5806C000E0374 /* AppDelegate.swift */ = {isa = PBXFileReference; lastKnownFileType = sourcecode.swift; path = AppDelegate.swift; sourceTree = "<group>"; };
		4C86E35823C5806C000E0374 /* SceneDelegate.swift */ = {isa = PBXFileReference; lastKnownFileType = sourcecode.swift; path = SceneDelegate.swift; sourceTree = "<group>"; };
		4C86E35A23C5806C000E0374 /* ViewController.swift */ = {isa = PBXFileReference; lastKnownFileType = sourcecode.swift; path = ViewController.swift; sourceTree = "<group>"; };
		4C86E35D23C5806C000E0374 /* Base */ = {isa = PBXFileReference; lastKnownFileType = file.storyboard; name = Base; path = Base.lproj/Main.storyboard; sourceTree = "<group>"; };
		4C86E35F23C58071000E0374 /* Assets.xcassets */ = {isa = PBXFileReference; lastKnownFileType = folder.assetcatalog; path = Assets.xcassets; sourceTree = "<group>"; };
		4C86E36223C58071000E0374 /* Base */ = {isa = PBXFileReference; lastKnownFileType = file.storyboard; name = Base; path = Base.lproj/LaunchScreen.storyboard; sourceTree = "<group>"; };
		4C86E36423C58071000E0374 /* Info.plist */ = {isa = PBXFileReference; lastKnownFileType = text.plist.xml; path = Info.plist; sourceTree = "<group>"; };
		4C86E36923C58072000E0374 /* VoATests.xctest */ = {isa = PBXFileReference; explicitFileType = wrapper.cfbundle; includeInIndex = 0; path = VoATests.xctest; sourceTree = BUILT_PRODUCTS_DIR; };
		4C86E36D23C58072000E0374 /* VoATests.swift */ = {isa = PBXFileReference; lastKnownFileType = sourcecode.swift; path = VoATests.swift; sourceTree = "<group>"; };
		4C86E36F23C58072000E0374 /* Info.plist */ = {isa = PBXFileReference; lastKnownFileType = text.plist.xml; path = Info.plist; sourceTree = "<group>"; };
/* End PBXFileReference section */

/* Begin PBXFrameworksBuildPhase section */
		4C86E35023C5806C000E0374 /* Frameworks */ = {
			isa = PBXFrameworksBuildPhase;
			buildActionMask = 2147483647;
			files = (
			);
			runOnlyForDeploymentPostprocessing = 0;
		};
		4C86E36623C58072000E0374 /* Frameworks */ = {
			isa = PBXFrameworksBuildPhase;
			buildActionMask = 2147483647;
			files = (
			);
			runOnlyForDeploymentPostprocessing = 0;
		};
/* End PBXFrameworksBuildPhase section */

/* Begin PBXGroup section */
		4C86E34A23C5806C000E0374 = {
			isa = PBXGroup;
			children = (
				4C86E35523C5806C000E0374 /* VoA */,
				4C86E36C23C58072000E0374 /* VoATests */,
				4C86E35423C5806C000E0374 /* Products */,
			);
			sourceTree = "<group>";
		};
		4C86E35423C5806C000E0374 /* Products */ = {
			isa = PBXGroup;
			children = (
				4C86E35323C5806C000E0374 /* VoA.app */,
				4C86E36923C58072000E0374 /* VoATests.xctest */,
			);
			name = Products;
			sourceTree = "<group>";
		};
		4C86E35523C5806C000E0374 /* VoA */ = {
			isa = PBXGroup;
			children = (
				4C86E35623C5806C000E0374 /* AppDelegate.swift */,
				4C86E35823C5806C000E0374 /* SceneDelegate.swift */,
				4C86E35A23C5806C000E0374 /* ViewController.swift */,
				4C86E35C23C5806C000E0374 /* Main.storyboard */,
				4C86E35F23C58071000E0374 /* Assets.xcassets */,
				4C86E36123C58071000E0374 /* LaunchScreen.storyboard */,
				4C86E36423C58071000E0374 /* Info.plist */,
			);
			path = VoA;
			sourceTree = "<group>";
		};
		4C86E36C23C58072000E0374 /* VoATests */ = {
			isa = PBXGroup;
			children = (
				4C86E36D23C58072000E0374 /* VoATests.swift */,
				4C86E36F23C58072000E0374 /* Info.plist */,
			);
			path = VoATests;
			sourceTree = "<group>";
		};
/* End PBXGroup section */

/* Begin PBXNativeTarget section */
		4C86E35223C5806C000E0374 /* VoA */ = {
			isa = PBXNativeTarget;
			buildConfigurationList = 4C86E37223C58072000E0374 /* Build configuration list for PBXNativeTarget "VoA" */;
			buildPhases = (
				4C86E34F23C5806C000E0374 /* Sources */,
				4C86E35023C5806C000E0374 /* Frameworks */,
				4C86E35123C5806C000E0374 /* Resources */,
			);
			buildRules = (
			);
			dependencies = (
			);
			name = VoA;
			productName = VoA;
			productReference = 4C86E35323C5806C000E0374 /* VoA.app */;
			productType = "com.apple.product-type.application";
		};
		4C86E36823C58072000E0374 /* VoATests */ = {
			isa = PBXNativeTarget;
			buildConfigurationList = 4C86E37523C58072000E0374 /* Build configuration list for PBXNativeTarget "VoATests" */;
			buildPhases = (
				4C86E36523C58072000E0374 /* Sources */,
				4C86E36623C58072000E0374 /* Frameworks */,
				4C86E36723C58072000E0374 /* Resources */,
			);
			buildRules = (
			);
			dependencies = (
				4C86E36B23C58072000E0374 /* PBXTargetDependency */,
			);
			name = VoATests;
			productName = VoATests;
			productReference = 4C86E36923C58072000E0374 /* VoATests.xctest */;
			productType = "com.apple.product-type.bundle.unit-test";
		};
/* End PBXNativeTarget section */

/* Begin PBXProject section */
		4C86E34B23C5806C000E0374 /* Project object */ = {
			isa = PBXProject;
			attributes = {
				LastSwiftUpdateCheck = 1110;
				LastUpgradeCheck = 1110;
				ORGANIZATIONNAME = Linsaeng;
				TargetAttributes = {
					4C86E35223C5806C000E0374 = {
						CreatedOnToolsVersion = 11.1;
					};
					4C86E36823C58072000E0374 = {
						CreatedOnToolsVersion = 11.1;
						TestTargetID = 4C86E35223C5806C000E0374;
					};
				};
			};
			buildConfigurationList = 4C86E34E23C5806C000E0374 /* Build configuration list for PBXProject "VoA" */;
			compatibilityVersion = "Xcode 9.3";
			developmentRegion = en;
			hasScannedForEncodings = 0;
			knownRegions = (
				en,
				Base,
			);
			mainGroup = 4C86E34A23C5806C000E0374;
			productRefGroup = 4C86E35423C5806C000E0374 /* Products */;
			projectDirPath = "";
			projectRoot = "";
			targets = (
				4C86E35223C5806C000E0374 /* VoA */,
				4C86E36823C58072000E0374 /* VoATests */,
			);
		};
/* End PBXProject section */

/* Begin PBXResourcesBuildPhase section */
		4C86E35123C5806C000E0374 /* Resources */ = {
			isa = PBXResourcesBuildPhase;
			buildActionMask = 2147483647;
			files = (
				4C86E36323C58071000E0374 /* LaunchScreen.storyboard in Resources */,
				4C86E36023C58071000E0374 /* Assets.xcassets in Resources */,
				4C86E35E23C5806C000E0374 /* Main.storyboard in Resources */,
			);
			runOnlyForDeploymentPostprocessing = 0;
		};
		4C86E36723C58072000E0374 /* Resources */ = {
			isa = PBXResourcesBuildPhase;
			buildActionMask = 2147483647;
			files = (
			);
			runOnlyForDeploymentPostprocessing = 0;
		};
/* End PBXResourcesBuildPhase section */

/* Begin PBXSourcesBuildPhase section */
		4C86E34F23C5806C000E0374 /* Sources */ = {
			isa = PBXSourcesBuildPhase;
			buildActionMask = 2147483647;
			files = (
				4C86E35B23C5806C000E0374 /* ViewController.swift in Sources */,
				4C86E35723C5806C000E0374 /* AppDelegate.swift in Sources */,
				4C86E35923C5806C000E0374 /* SceneDelegate.swift in Sources */,
			);
			runOnlyForDeploymentPostprocessing = 0;
		};
		4C86E36523C58072000E0374 /* Sources */ = {
			isa = PBXSourcesBuildPhase;
			buildActionMask = 2147483647;
			files = (
				4C86E36E23C58072000E0374 /* VoATests.swift in Sources */,
			);
			runOnlyForDeploymentPostprocessing = 0;
		};
/* End PBXSourcesBuildPhase section */

/* Begin PBXTargetDependency section */
		4C86E36B23C58072000E0374 /* PBXTargetDependency */ = {
			isa = PBXTargetDependency;
			target = 4C86E35223C5806C000E0374 /* VoA */;
			targetProxy = 4C86E36A23C58072000E0374 /* PBXContainerItemProxy */;
		};
/* End PBXTargetDependency section */

/* Begin PBXVariantGroup section */
		4C86E35C23C5806C000E0374 /* Main.storyboard */ = {
			isa = PBXVariantGroup;
			children = (
				4C86E35D23C5806C000E0374 /* Base */,
			);
			name = Main.storyboard;
			sourceTree = "<group>";
		};
		4C86E36123C58071000E0374 /* LaunchScreen.storyboard */ = {
			isa = PBXVariantGroup;
			children = (
				4C86E36223C58071000E0374 /* Base */,
			);
			name = LaunchScreen.storyboard;
			sourceTree = "<group>";
		};
/* End PBXVariantGroup section */

/* Begin XCBuildConfiguration section */
		4C86E37023C58072000E0374 /* Debug */ = {
			isa = XCBuildConfiguration;
			buildSettings = {
				ALWAYS_SEARCH_USER_PATHS = NO;
				CLANG_ANALYZER_NONNULL = YES;
				CLANG_ANALYZER_NUMBER_OBJECT_CONVERSION = YES_AGGRESSIVE;
				CLANG_CXX_LANGUAGE_STANDARD = "gnu++14";
				CLANG_CXX_LIBRARY = "libc++";
				CLANG_ENABLE_MODULES = YES;
				CLANG_ENABLE_OBJC_ARC = YES;
				CLANG_ENABLE_OBJC_WEAK = YES;
				CLANG_WARN_BLOCK_CAPTURE_AUTORELEASING = YES;
				CLANG_WARN_BOOL_CONVERSION = YES;
				CLANG_WARN_COMMA = YES;
				CLANG_WARN_CONSTANT_CONVERSION = YES;
				CLANG_WARN_DEPRECATED_OBJC_IMPLEMENTATIONS = YES;
				CLANG_WARN_DIRECT_OBJC_ISA_USAGE = YES_ERROR;
				CLANG_WARN_DOCUMENTATION_COMMENTS = YES;
				CLANG_WARN_EMPTY_BODY = YES;
				CLANG_WARN_ENUM_CONVERSION = YES;
				CLANG_WARN_INFINITE_RECURSION = YES;
				CLANG_WARN_INT_CONVERSION = YES;
				CLANG_WARN_NON_LITERAL_NULL_CONVERSION = YES;
				CLANG_WARN_OBJC_IMPLICIT_RETAIN_SELF = YES;
				CLANG_WARN_OBJC_LITERAL_CONVERSION = YES;
				CLANG_WARN_OBJC_ROOT_CLASS = YES_ERROR;
				CLANG_WARN_RANGE_LOOP_ANALYSIS = YES;
				CLANG_WARN_STRICT_PROTOTYPES = YES;
				CLANG_WARN_SUSPICIOUS_MOVE = YES;
				CLANG_WARN_UNGUARDED_AVAILABILITY = YES_AGGRESSIVE;
				CLANG_WARN_UNREACHABLE_CODE = YES;
				CLANG_WARN__DUPLICATE_METHOD_MATCH = YES;
				COPY_PHASE_STRIP = NO;
				DEBUG_INFORMATION_FORMAT = dwarf;
				ENABLE_STRICT_OBJC_MSGSEND = YES;
				ENABLE_TESTABILITY = YES;
				GCC_C_LANGUAGE_STANDARD = gnu11;
				GCC_DYNAMIC_NO_PIC = NO;
				GCC_NO_COMMON_BLOCKS = YES;
				GCC_OPTIMIZATION_LEVEL = 0;
				GCC_PREPROCESSOR_DEFINITIONS = (
					"DEBUG=1",
					"$(inherited)",
				);
				GCC_WARN_64_TO_32_BIT_CONVERSION = YES;
				GCC_WARN_ABOUT_RETURN_TYPE = YES_ERROR;
				GCC_WARN_UNDECLARED_SELECTOR = YES;
				GCC_WARN_UNINITIALIZED_AUTOS = YES_AGGRESSIVE;
				GCC_WARN_UNUSED_FUNCTION = YES;
				GCC_WARN_UNUSED_VARIABLE = YES;
				IPHONEOS_DEPLOYMENT_TARGET = 13.1;
				MTL_ENABLE_DEBUG_INFO = INCLUDE_SOURCE;
				MTL_FAST_MATH = YES;
				ONLY_ACTIVE_ARCH = YES;
				SDKROOT = iphoneos;
				SWIFT_ACTIVE_COMPILATION_CONDITIONS = DEBUG;
				SWIFT_OPTIMIZATION_LEVEL = "-Onone";
			};
			name = Debug;
		};
		4C86E37123C58072000E0374 /* Release */ = {
			isa = XCBuildConfiguration;
			buildSettings = {
				ALWAYS_SEARCH_USER_PATHS = NO;
				CLANG_ANALYZER_NONNULL = YES;
				CLANG_ANALYZER_NUMBER_OBJECT_CONVERSION = YES_AGGRESSIVE;
				CLANG_CXX_LANGUAGE_STANDARD = "gnu++14";
				CLANG_CXX_LIBRARY = "libc++";
				CLANG_ENABLE_MODULES = YES;
				CLANG_ENABLE_OBJC_ARC = YES;
				CLANG_ENABLE_OBJC_WEAK = YES;
				CLANG_WARN_BLOCK_CAPTURE_AUTORELEASING = YES;
				CLANG_WARN_BOOL_CONVERSION = YES;
				CLANG_WARN_COMMA = YES;
				CLANG_WARN_CONSTANT_CONVERSION = YES;
				CLANG_WARN_DEPRECATED_OBJC_IMPLEMENTATIONS = YES;
				CLANG_WARN_DIRECT_OBJC_ISA_USAGE = YES_ERROR;
				CLANG_WARN_DOCUMENTATION_COMMENTS = YES;
				CLANG_WARN_EMPTY_BODY = YES;
				CLANG_WARN_ENUM_CONVERSION = YES;
				CLANG_WARN_INFINITE_RECURSION = YES;
				CLANG_WARN_INT_CONVERSION = YES;
				CLANG_WARN_NON_LITERAL_NULL_CONVERSION = YES;
				CLANG_WARN_OBJC_IMPLICIT_RETAIN_SELF = YES;
				CLANG_WARN_OBJC_LITERAL_CONVERSION = YES;
				CLANG_WARN_OBJC_ROOT_CLASS = YES_ERROR;
				CLANG_WARN_RANGE_LOOP_ANALYSIS = YES;
				CLANG_WARN_STRICT_PROTOTYPES = YES;
				CLANG_WARN_SUSPICIOUS_MOVE = YES;
				CLANG_WARN_UNGUARDED_AVAILABILITY = YES_AGGRESSIVE;
				CLANG_WARN_UNREACHABLE_CODE = YES;
				CLANG_WARN__DUPLICATE_METHOD_MATCH = YES;
				COPY_PHASE_STRIP = NO;
				DEBUG_INFORMATION_FORMAT = "dwarf-with-dsym";
				ENABLE_NS_ASSERTIONS = NO;
				ENABLE_STRICT_OBJC_MSGSEND = YES;
				GCC_C_LANGUAGE_STANDARD = gnu11;
				GCC_NO_COMMON_BLOCKS = YES;
				GCC_WARN_64_TO_32_BIT_CONVERSION = YES;
				GCC_WARN_ABOUT_RETURN_TYPE = YES_ERROR;
				GCC_WARN_UNDECLARED_SELECTOR = YES;
				GCC_WARN_UNINITIALIZED_AUTOS = YES_AGGRESSIVE;
				GCC_WARN_UNUSED_FUNCTION = YES;
				GCC_WARN_UNUSED_VARIABLE = YES;
				IPHONEOS_DEPLOYMENT_TARGET = 13.1;
				MTL_ENABLE_DEBUG_INFO = NO;
				MTL_FAST_MATH = YES;
				SDKROOT = iphoneos;
				SWIFT_COMPILATION_MODE = wholemodule;
				SWIFT_OPTIMIZATION_LEVEL = "-O";
				VALIDATE_PRODUCT = YES;
			};
			name = Release;
		};
		4C86E37323C58072000E0374 /* Debug */ = {
			isa = XCBuildConfiguration;
			buildSettings = {
				ASSETCATALOG_COMPILER_APPICON_NAME = AppIcon;
				CODE_SIGN_STYLE = Automatic;
				DEVELOPMENT_TEAM = 524TVTU6B9;
				INFOPLIST_FILE = VoA/Info.plist;
				LD_RUNPATH_SEARCH_PATHS = (
					"$(inherited)",
					"@executable_path/Frameworks",
				);
				PRODUCT_BUNDLE_IDENTIFIER = com.linsaeng.VoA;
				PRODUCT_NAME = "$(TARGET_NAME)";
				SWIFT_VERSION = 5.0;
				TARGETED_DEVICE_FAMILY = "1,2";
			};
			name = Debug;
		};
		4C86E37423C58072000E0374 /* Release */ = {
			isa = XCBuildConfiguration;
			buildSettings = {
				ASSETCATALOG_COMPILER_APPICON_NAME = AppIcon;
				CODE_SIGN_STYLE = Automatic;
				DEVELOPMENT_TEAM = 524TVTU6B9;
				INFOPLIST_FILE = VoA/Info.plist;
				LD_RUNPATH_SEARCH_PATHS = (
					"$(inherited)",
					"@executable_path/Frameworks",
				);
				PRODUCT_BUNDLE_IDENTIFIER = com.linsaeng.VoA;
				PRODUCT_NAME = "$(TARGET_NAME)";
				SWIFT_VERSION = 5.0;
				TARGETED_DEVICE_FAMILY = "1,2";
			};
			name = Release;
		};
		4C86E37623C58072000E0374 /* Debug */ = {
			isa = XCBuildConfiguration;
			buildSettings = {
				ALWAYS_EMBED_SWIFT_STANDARD_LIBRARIES = YES;
				BUNDLE_LOADER = "$(TEST_HOST)";
				CODE_SIGN_STYLE = Automatic;
				DEVELOPMENT_TEAM = 524TVTU6B9;
				INFOPLIST_FILE = VoATests/Info.plist;
				IPHONEOS_DEPLOYMENT_TARGET = 13.1;
				LD_RUNPATH_SEARCH_PATHS = (
					"$(inherited)",
					"@executable_path/Frameworks",
					"@loader_path/Frameworks",
				);
				PRODUCT_BUNDLE_IDENTIFIER = com.linsaeng.VoATests;
				PRODUCT_NAME = "$(TARGET_NAME)";
				SWIFT_VERSION = 5.0;
				TARGETED_DEVICE_FAMILY = "1,2";
				TEST_HOST = "$(BUILT_PRODUCTS_DIR)/VoA.app/VoA";
			};
			name = Debug;
		};
		4C86E37723C58072000E0374 /* Release */ = {
			isa = XCBuildConfiguration;
			buildSettings = {
				ALWAYS_EMBED_SWIFT_STANDARD_LIBRARIES = YES;
				BUNDLE_LOADER = "$(TEST_HOST)";
				CODE_SIGN_STYLE = Automatic;
				DEVELOPMENT_TEAM = 524TVTU6B9;
				INFOPLIST_FILE = VoATests/Info.plist;
				IPHONEOS_DEPLOYMENT_TARGET = 13.1;
				LD_RUNPATH_SEARCH_PATHS = (
					"$(inherited)",
					"@executable_path/Frameworks",
					"@loader_path/Frameworks",
				);
				PRODUCT_BUNDLE_IDENTIFIER = com.linsaeng.VoATests;
				PRODUCT_NAME = "$(TARGET_NAME)";
				SWIFT_VERSION = 5.0;
				TARGETED_DEVICE_FAMILY = "1,2";
				TEST_HOST = "$(BUILT_PRODUCTS_DIR)/VoA.app/VoA";
			};
			name = Release;
		};
/* End XCBuildConfiguration section */

/* Begin XCConfigurationList section */
		4C86E34E23C5806C000E0374 /* Build configuration list for PBXProject "VoA" */ = {
			isa = XCConfigurationList;
			buildConfigurations = (
				4C86E37023C58072000E0374 /* Debug */,
				4C86E37123C58072000E0374 /* Release */,
			);
			defaultConfigurationIsVisible = 0;
			defaultConfigurationName = Release;
		};
		4C86E37223C58072000E0374 /* Build configuration list for PBXNativeTarget "VoA" */ = {
			isa = XCConfigurationList;
			buildConfigurations = (
				4C86E37323C58072000E0374 /* Debug */,
				4C86E37423C58072000E0374 /* Release */,
			);
			defaultConfigurationIsVisible = 0;
			defaultConfigurationName = Release;
		};
		4C86E37523C58072000E0374 /* Build configuration list for PBXNativeTarget "VoATests" */ = {
			isa = XCConfigurationList;
			buildConfigurations = (
				4C86E37623C58072000E0374 /* Debug */,
				4C86E37723C58072000E0374 /* Release */,
			);
			defaultConfigurationIsVisible = 0;
			defaultConfigurationName = Release;
		};
/* End XCConfigurationList section */
	};
	rootObject = 4C86E34B23C5806C000E0374 /* Project object */;
}
